<?xml version="1.0" encoding="utf-8"?>
<Project ToolsVersion="4.0" xmlns="http://schemas.microsoft.com/developer/msbuild/2003">
  <ItemGroup>
    <Filter Include="Math">
      <UniqueIdentifier>{7f9d285c-f0ba-40f1-9da2-c0698ab378f8}</UniqueIdentifier>
    </Filter>
    <Filter Include="Math\Spatial">
      <UniqueIdentifier>{33be37a9-d424-4834-8822-99378871e87d}</UniqueIdentifier>
    </Filter>
    <Filter Include="Memory">
      <UniqueIdentifier>{2da887e5-f120-4062-a5d9-80c5a563dd34}</UniqueIdentifier>
    </Filter>
    <Filter Include="Multithreading">
      <UniqueIdentifier>{91d960ad-ac52-40ba-bf4a-9b093a2c771f}</UniqueIdentifier>
    </Filter>
    <Filter Include="Math\Geometry">
      <UniqueIdentifier>{c82a2321-7ae0-44cc-88e2-a55da4509dc9}</UniqueIdentifier>
    </Filter>
    <Filter Include="Exception">
      <UniqueIdentifier>{8f8f4cd6-1a10-43b2-af90-0ad0fcbccc96}</UniqueIdentifier>
    </Filter>
    <Filter Include="Timing">
      <UniqueIdentifier>{bc730692-ea33-4e07-9054-78fe1fd568d1}</UniqueIdentifier>
    </Filter>
    <Filter Include="Platform">
      <UniqueIdentifier>{f9928589-c977-41ac-b4dd-ea70ae813369}</UniqueIdentifier>
    </Filter>
    <Filter Include="Platform\Win32">
      <UniqueIdentifier>{1f1f0c62-ec2a-48a0-b2e0-998f814ce5d5}</UniqueIdentifier>
    </Filter>
    <Filter Include="Logging">
      <UniqueIdentifier>{d34174c5-dd38-4b75-ba16-f50343c6c691}</UniqueIdentifier>
    </Filter>
    <Filter Include="Misc">
      <UniqueIdentifier>{f378990a-8383-496c-8200-1442be48738d}</UniqueIdentifier>
    </Filter>
  </ItemGroup>
  <ItemGroup>
    <ClInclude Include="Multithreading\Thread.h">
      <Filter>Multithreading</Filter>
    </ClInclude>
    <ClInclude Include="Multithreading\Task.h">
      <Filter>Multithreading</Filter>
    </ClInclude>
    <ClInclude Include="Multithreading\Multitask.h">
      <Filter>Multithreading</Filter>
    </ClInclude>
    <ClInclude Include="Multithreading\ITask.h">
      <Filter>Multithreading</Filter>
    </ClInclude>
    <ClInclude Include="Math\Math.h">
      <Filter>Math</Filter>
    </ClInclude>
    <ClInclude Include="Multithreading\ThreadManager.h">
      <Filter>Multithreading</Filter>
    </ClInclude>
    <ClInclude Include="Multithreading\SafeContainer.h">
      <Filter>Multithreading</Filter>
    </ClInclude>
    <ClInclude Include="Math\AABB.h">
      <Filter>Math\Geometry</Filter>
    </ClInclude>
    <ClInclude Include="Math\EulerAngles.h">
      <Filter>Math\Spatial</Filter>
    </ClInclude>
    <ClInclude Include="Math\Frustum.h">
      <Filter>Math\Geometry</Filter>
    </ClInclude>
    <ClInclude Include="Math\Intersection.h">
      <Filter>Math\Geometry</Filter>
    </ClInclude>
    <ClInclude Include="Math\Line.h">
      <Filter>Math\Geometry</Filter>
    </ClInclude>
    <ClInclude Include="Math\Matrix33.h">
      <Filter>Math\Spatial</Filter>
    </ClInclude>
    <ClInclude Include="Math\Matrix44.h">
      <Filter>Math\Spatial</Filter>
    </ClInclude>
    <ClInclude Include="Math\Plane.h">
      <Filter>Math\Geometry</Filter>
    </ClInclude>
    <ClInclude Include="Math\Quaternion.h">
      <Filter>Math\Spatial</Filter>
    </ClInclude>
    <ClInclude Include="Math\Ray.h">
      <Filter>Math\Geometry</Filter>
    </ClInclude>
    <ClInclude Include="Math\Rect.h">
      <Filter>Math\Geometry</Filter>
    </ClInclude>
    <ClInclude Include="Math\Segment.h">
      <Filter>Math\Geometry</Filter>
    </ClInclude>
    <ClInclude Include="Math\Sphere.h">
      <Filter>Math\Geometry</Filter>
    </ClInclude>
    <ClInclude Include="Math\Triangle.h">
      <Filter>Math\Geometry</Filter>
    </ClInclude>
    <ClInclude Include="Math\Vector2.h">
      <Filter>Math\Spatial</Filter>
    </ClInclude>
    <ClInclude Include="Math\Vector3.h">
      <Filter>Math\Spatial</Filter>
    </ClInclude>
    <ClInclude Include="Math\Vector4.h">
      <Filter>Math\Spatial</Filter>
    </ClInclude>
    <ClInclude Include="KernelDLL.h" />
    <ClInclude Include="Exception\Exception.h">
      <Filter>Exception</Filter>
    </ClInclude>
    <ClInclude Include="Memory\Arena.h">
      <Filter>Memory</Filter>
    </ClInclude>
    <ClInclude Include="Memory\IAllocator.h">
      <Filter>Memory</Filter>
    </ClInclude>
    <ClInclude Include="Memory\PoolAllocator.h">
      <Filter>Memory</Filter>
    </ClInclude>
    <ClInclude Include="Memory\Align.h">
      <Filter>Memory</Filter>
    </ClInclude>
    <ClInclude Include="Memory\LinearAllocator.h">
      <Filter>Memory</Filter>
    </ClInclude>
    <ClInclude Include="Memory\StackAllocator.h">
      <Filter>Memory</Filter>
    </ClInclude>
    <ClInclude Include="Memory\HeapAllocator.h">
      <Filter>Memory</Filter>
    </ClInclude>
    <ClInclude Include="Multithreading\Spinlock.h">
      <Filter>Multithreading</Filter>
    </ClInclude>
    <ClInclude Include="Multithreading\RWSpinlock.h">
      <Filter>Multithreading</Filter>
    </ClInclude>
    <ClInclude Include="Memory\Adapter.h">
      <Filter>Memory</Filter>
    </ClInclude>
    <ClInclude Include="Timing\Timer.h">
      <Filter>Timing</Filter>
    </ClInclude>
    <ClInclude Include="Platform\Settings.h">
      <Filter>Platform</Filter>
    </ClInclude>
    <ClInclude Include="Logging\ILog.h">
      <Filter>Logging</Filter>
    </ClInclude>
    <ClInclude Include="Logging\LogFile.h">
      <Filter>Logging</Filter>
    </ClInclude>
    <ClInclude Include="Multithreading\Multithreading.h">
      <Filter>Multithreading</Filter>
    </ClInclude>
    <ClInclude Include="Timing\TimeStamp.h">
      <Filter>Timing</Filter>
    </ClInclude>
    <ClInclude Include="Timing\Timing.h">
      <Filter>Timing</Filter>
    </ClInclude>
    <ClInclude Include="Platform\Win32\Timer_Win32Impl.h">
      <Filter>Platform\Win32</Filter>
    </ClInclude>
    <ClInclude Include="Logging\Logging.h">
      <Filter>Logging</Filter>
    </ClInclude>
    <ClInclude Include="Misc\FormatString.h">
      <Filter>Misc</Filter>
    </ClInclude>
    <ClInclude Include="Timing\ITimer.h">
      <Filter>Timing</Filter>
    </ClInclude>
    <ClInclude Include="Multithreading\List.h">
      <Filter>Multithreading</Filter>
    </ClInclude>
    <ClInclude Include="Logging\LogManager.h">
      <Filter>Logging</Filter>
    </ClInclude>
    <ClInclude Include="Memory\HeapSegment.h">
      <Filter>Memory</Filter>
    </ClInclude>
    <ClInclude Include="Memory\Memory.h">
      <Filter>Memory</Filter>
    </ClInclude>
  </ItemGroup>
  <ItemGroup>
    <ClCompile Include="Multithreading\Thread.cpp">
      <Filter>Multithreading</Filter>
    </ClCompile>
    <ClCompile Include="Multithreading\ThreadManager.cpp">
      <Filter>Multithreading</Filter>
    </ClCompile>
    <ClCompile Include="Math\Math.cpp">
      <Filter>Math</Filter>
    </ClCompile>
    <ClCompile Include="Math\EulerAngles.cpp">
      <Filter>Math\Spatial</Filter>
    </ClCompile>
    <ClCompile Include="Math\Frustum.cpp">
      <Filter>Math\Geometry</Filter>
    </ClCompile>
    <ClCompile Include="Math\Intersection.cpp">
      <Filter>Math\Geometry</Filter>
    </ClCompile>
    <ClCompile Include="Math\Matrix33.cpp">
      <Filter>Math\Spatial</Filter>
    </ClCompile>
    <ClCompile Include="Math\Matrix44.cpp">
      <Filter>Math\Spatial</Filter>
    </ClCompile>
    <ClCompile Include="Math\Plane.cpp">
      <Filter>Math\Geometry</Filter>
    </ClCompile>
    <ClCompile Include="Math\Quaternion.cpp">
      <Filter>Math\Spatial</Filter>
    </ClCompile>
    <ClCompile Include="Math\Vector2.cpp">
      <Filter>Math\Spatial</Filter>
    </ClCompile>
    <ClCompile Include="Math\Vector3.cpp">
      <Filter>Math\Spatial</Filter>
    </ClCompile>
    <ClCompile Include="Math\Vector4.cpp">
      <Filter>Math\Spatial</Filter>
    </ClCompile>
    <ClCompile Include="Math\Triangle.cpp">
      <Filter>Math\Geometry</Filter>
    </ClCompile>
    <ClCompile Include="Exception\Exception.cpp">
      <Filter>Exception</Filter>
    </ClCompile>
    <ClCompile Include="Memory\Arena.cpp">
      <Filter>Memory</Filter>
    </ClCompile>
    <ClCompile Include="Memory\LinearAllocator.cpp">
      <Filter>Memory</Filter>
    </ClCompile>
    <ClCompile Include="Memory\StackAllocator.cpp">
      <Filter>Memory</Filter>
    </ClCompile>
    <ClCompile Include="Multithreading\RWSpinlock.cpp">
      <Filter>Multithreading</Filter>
    </ClCompile>
    <ClCompile Include="Logging\LogFile.cpp">
      <Filter>Logging</Filter>
    </ClCompile>
    <ClCompile Include="Timing\TimeStamp.cpp">
      <Filter>Timing</Filter>
    </ClCompile>
    <ClCompile Include="Platform\Win32\Timer_Win32Impl.cpp">
      <Filter>Platform\Win32</Filter>
    </ClCompile>
    <ClCompile Include="Misc\FormatString.cpp">
      <Filter>Misc</Filter>
    </ClCompile>
    <ClCompile Include="Logging\LogManager.cpp">
      <Filter>Logging</Filter>
    </ClCompile>
    <ClCompile Include="Memory\HeapSegment.cpp">
      <Filter>Memory</Filter>
    </ClCompile>
    <ClCompile Include="Memory\HeapAllocator.cpp">
      <Filter>Memory</Filter>
    </ClCompile>
  </ItemGroup>
</Project>