<?xml version="1.0" encoding="utf-8"?>
<Project ToolsVersion="4.0" xmlns="http://schemas.microsoft.com/developer/msbuild/2003">
  <ItemGroup>
    <Filter Include="Resource Files">
      <UniqueIdentifier>{67DA6AB6-F800-4c08-8B7A-83BB121AAD01}</UniqueIdentifier>
      <Extensions>rc;ico;cur;bmp;dlg;rc2;rct;bin;rgs;gif;jpg;jpeg;jpe;resx;tiff;tif;png;wav;mfcribbon-ms</Extensions>
    </Filter>
    <Filter Include="Kernel">
      <UniqueIdentifier>{376ffdd7-b161-41b0-8944-36a5d6d860ca}</UniqueIdentifier>
    </Filter>
  </ItemGroup>
  <ItemGroup>
    <ClCompile Include="Kernel\MemoryTest.cpp">
      <Filter>Kernel</Filter>
    </ClCompile>
    <ClCompile Include="Kernel\MathTest.cpp">
      <Filter>Kernel</Filter>
    </ClCompile>
    <ClCompile Include="Kernel\MiscTest.cpp">
      <Filter>Kernel</Filter>
    </ClCompile>
    <ClCompile Include="Kernel\MultithreadingTest.cpp">
      <Filter>Kernel</Filter>
    </ClCompile>
  </ItemGroup>
</Project>